{
  "object": {
    "pins": [
      {
        "package": "SocketRocket",
        "repositoryURL": "https://git.csat.ru/a.pozakshin/socketrocket.git",
        "state": {
          "branch": "debug-enabled",
          "revision": "a2cd167478a98ac6222b9cca3ad427587eebb9de",
          "version": null
        }
      }
    ]
  },
  "version": 1
}
