{
  "object": {
    "pins": [
      {
        "package": "SocketRocket",
        "repositoryURL": "https://git.csat.ru/a.pozakshin/socketrocket.git",
        "state": {
          "branch": "fork-debug",
          "revision": "5f408dfcd1d2ce1ca56ef073b61e5d11b6688d4f",
          "version": null
        }
      }
    ]
  },
  "version": 1
}
